
Microsoft Visual Studio Solution File, Format Version 12.00
# Visual Studio Version 16
VisualStudioVersion = 16.0.30114.105
MinimumVisualStudioVersion = 10.0.40219.1
Project("{FAE04EC0-301F-11D3-BF4B-00C04F79EFBC}") = "VeterinarskaRadnja", "VeterinarskaRadnja\VeterinarskaRadnja.csproj", "{4EED0280-D5AD-486F-A078-210C799A816F}"
EndProject
Project("{FAE04EC0-301F-11D3-BF4B-00C04F79EFBC}") = "DataLayer", "DataLayer\DataLayer.csproj", "{12DEBCCF-A7FF-4D4F-B0CB-D84520817EE9}"
EndProject
Project("{FAE04EC0-301F-11D3-BF4B-00C04F79EFBC}") = "VeterinarskaRadnjaWeb", "VeterinarskaRadnjaWeb\VeterinarskaRadnjaWeb.csproj", "{6ACC0B25-4AC3-48F5-9300-E28E7B6D018C}"
EndProject
Global
	GlobalSection(SolutionConfigurationPlatforms) = preSolution
		Debug|Any CPU = Debug|Any CPU
		Release|Any CPU = Release|Any CPU
	EndGlobalSection
	GlobalSection(ProjectConfigurationPlatforms) = postSolution
		{4EED0280-D5AD-486F-A078-210C799A816F}.Debug|Any CPU.ActiveCfg = Debug|Any CPU
		{4EED0280-D5AD-486F-A078-210C799A816F}.Debug|Any CPU.Build.0 = Debug|Any CPU
		{4EED0280-D5AD-486F-A078-210C799A816F}.Release|Any CPU.ActiveCfg = Release|Any CPU
		{4EED0280-D5AD-486F-A078-210C799A816F}.Release|Any CPU.Build.0 = Release|Any CPU
		{12DEBCCF-A7FF-4D4F-B0CB-D84520817EE9}.Debug|Any CPU.ActiveCfg = Debug|Any CPU
		{12DEBCCF-A7FF-4D4F-B0CB-D84520817EE9}.Debug|Any CPU.Build.0 = Debug|Any CPU
		{12DEBCCF-A7FF-4D4F-B0CB-D84520817EE9}.Release|Any CPU.ActiveCfg = Release|Any CPU
		{12DEBCCF-A7FF-4D4F-B0CB-D84520817EE9}.Release|Any CPU.Build.0 = Release|Any CPU
		{6ACC0B25-4AC3-48F5-9300-E28E7B6D018C}.Debug|Any CPU.ActiveCfg = Debug|Any CPU
		{6ACC0B25-4AC3-48F5-9300-E28E7B6D018C}.Debug|Any CPU.Build.0 = Debug|Any CPU
		{6ACC0B25-4AC3-48F5-9300-E28E7B6D018C}.Release|Any CPU.ActiveCfg = Release|Any CPU
		{6ACC0B25-4AC3-48F5-9300-E28E7B6D018C}.Release|Any CPU.Build.0 = Release|Any CPU
	EndGlobalSection
	GlobalSection(SolutionProperties) = preSolution
		HideSolutionNode = FALSE
	EndGlobalSection
	GlobalSection(ExtensibilityGlobals) = postSolution
		SolutionGuid = {8C143F21-B9AF-4B26-9521-A2C42F45D19B}
	EndGlobalSection
EndGlobal
